
Microsoft Visual Studio Solution File, Format Version 12.00
# Visual Studio Version 17
VisualStudioVersion = 17.14.36705.20
MinimumVisualStudioVersion = 10.0.40219.1
Project("{FAE04EC0-301F-11D3-BF4B-00C04F79EFBC}") = "HomeworkPortal.API", "HomeworkPortal.API\HomeworkPortal.API.csproj", "{5AE56932-99DF-AB19-39E5-C26027A5BC4F}"
EndProject
Project("{FAE04EC0-301F-11D3-BF4B-00C04F79EFBC}") = "HomeworkPortal.UI", "HomeworkPortal.UI\HomeworkPortal.UI.csproj", "{9F09357C-81A9-4748-A850-79F278311E25}"
EndProject
Global
	GlobalSection(SolutionConfigurationPlatforms) = preSolution
		Debug|Any CPU = Debug|Any CPU
		Release|Any CPU = Release|Any CPU
	EndGlobalSection
	GlobalSection(ProjectConfigurationPlatforms) = postSolution
		{5AE56932-99DF-AB19-39E5-C26027A5BC4F}.Debug|Any CPU.ActiveCfg = Debug|Any CPU
		{5AE56932-99DF-AB19-39E5-C26027A5BC4F}.Debug|Any CPU.Build.0 = Debug|Any CPU
		{5AE56932-99DF-AB19-39E5-C26027A5BC4F}.Release|Any CPU.ActiveCfg = Release|Any CPU
		{5AE56932-99DF-AB19-39E5-C26027A5BC4F}.Release|Any CPU.Build.0 = Release|Any CPU
		{9F09357C-81A9-4748-A850-79F278311E25}.Debug|Any CPU.ActiveCfg = Debug|Any CPU
		{9F09357C-81A9-4748-A850-79F278311E25}.Debug|Any CPU.Build.0 = Debug|Any CPU
		{9F09357C-81A9-4748-A850-79F278311E25}.Release|Any CPU.ActiveCfg = Release|Any CPU
		{9F09357C-81A9-4748-A850-79F278311E25}.Release|Any CPU.Build.0 = Release|Any CPU
	EndGlobalSection
	GlobalSection(SolutionProperties) = preSolution
		HideSolutionNode = FALSE
	EndGlobalSection
	GlobalSection(ExtensibilityGlobals) = postSolution
		SolutionGuid = {1C37D981-218B-4843-8A5F-C88022E39B98}
	EndGlobalSection
EndGlobal
